
Microsoft Visual Studio Solution File, Format Version 12.00
# Visual Studio Version 16
VisualStudioVersion = 16.0.31729.503
MinimumVisualStudioVersion = 10.0.40219.1
Project("{FAE04EC0-301F-11D3-BF4B-00C04F79EFBC}") = "VisitWithUs.Entities", "VisitWithUs.Entities\VisitWithUs.Entities.csproj", "{1833BF68-7703-4EC0-825E-276E7D2111FB}"
EndProject
Project("{FAE04EC0-301F-11D3-BF4B-00C04F79EFBC}") = "VisitWithUs.DataAccess", "VisitWithUs.DataAccess\VisitWithUs.DataAccess.csproj", "{53D2AC34-BFBE-4C35-8ABF-362D42E70826}"
EndProject
Project("{FAE04EC0-301F-11D3-BF4B-00C04F79EFBC}") = "VisitWithUs.Business", "VisitWithUs.Business\VisitWithUs.Business.csproj", "{FA650638-4A2C-485F-B7F7-2674265FDBCE}"
EndProject
Project("{FAE04EC0-301F-11D3-BF4B-00C04F79EFBC}") = "VisitWithUs.API", "VisitWithUs.API\VisitWithUs.API.csproj", "{9F85C90F-D52C-4BB9-92AA-B7D9BA94CD44}"
EndProject
Global
	GlobalSection(SolutionConfigurationPlatforms) = preSolution
		Debug|Any CPU = Debug|Any CPU
		Release|Any CPU = Release|Any CPU
	EndGlobalSection
	GlobalSection(ProjectConfigurationPlatforms) = postSolution
		{1833BF68-7703-4EC0-825E-276E7D2111FB}.Debug|Any CPU.ActiveCfg = Debug|Any CPU
		{1833BF68-7703-4EC0-825E-276E7D2111FB}.Debug|Any CPU.Build.0 = Debug|Any CPU
		{1833BF68-7703-4EC0-825E-276E7D2111FB}.Release|Any CPU.ActiveCfg = Release|Any CPU
		{1833BF68-7703-4EC0-825E-276E7D2111FB}.Release|Any CPU.Build.0 = Release|Any CPU
		{53D2AC34-BFBE-4C35-8ABF-362D42E70826}.Debug|Any CPU.ActiveCfg = Debug|Any CPU
		{53D2AC34-BFBE-4C35-8ABF-362D42E70826}.Debug|Any CPU.Build.0 = Debug|Any CPU
		{53D2AC34-BFBE-4C35-8ABF-362D42E70826}.Release|Any CPU.ActiveCfg = Release|Any CPU
		{53D2AC34-BFBE-4C35-8ABF-362D42E70826}.Release|Any CPU.Build.0 = Release|Any CPU
		{FA650638-4A2C-485F-B7F7-2674265FDBCE}.Debug|Any CPU.ActiveCfg = Debug|Any CPU
		{FA650638-4A2C-485F-B7F7-2674265FDBCE}.Debug|Any CPU.Build.0 = Debug|Any CPU
		{FA650638-4A2C-485F-B7F7-2674265FDBCE}.Release|Any CPU.ActiveCfg = Release|Any CPU
		{FA650638-4A2C-485F-B7F7-2674265FDBCE}.Release|Any CPU.Build.0 = Release|Any CPU
		{9F85C90F-D52C-4BB9-92AA-B7D9BA94CD44}.Debug|Any CPU.ActiveCfg = Debug|Any CPU
		{9F85C90F-D52C-4BB9-92AA-B7D9BA94CD44}.Debug|Any CPU.Build.0 = Debug|Any CPU
		{9F85C90F-D52C-4BB9-92AA-B7D9BA94CD44}.Release|Any CPU.ActiveCfg = Release|Any CPU
		{9F85C90F-D52C-4BB9-92AA-B7D9BA94CD44}.Release|Any CPU.Build.0 = Release|Any CPU
	EndGlobalSection
	GlobalSection(SolutionProperties) = preSolution
		HideSolutionNode = FALSE
	EndGlobalSection
	GlobalSection(ExtensibilityGlobals) = postSolution
		SolutionGuid = {5FECB76B-939A-4F0D-82A7-B70168CF68B2}
	EndGlobalSection
EndGlobal
